{
    "_readme": [
        "This file locks the dependencies of your project to a known state",
        "Read more about it at http://getcomposer.org/doc/01-basic-usage.md#composer-lock-the-lock-file",
        "This file is @generated automatically"
    ],
    "hash": "afac4105848d43e530abd3a868b9daa7",
    "packages": [
        {
            "name": "clippings/currency-convert",
            "version": "0.1",
            "source": {
                "type": "git",
                "url": "https://github.com/clippings/currency-convert.git",
                "reference": "64251f77c3a6c0f52cdda171ea0644b0c7cb9f71"
            },
            "dist": {
                "type": "zip",
                "url": "https://api.github.com/repos/clippings/currency-convert/zipball/64251f77c3a6c0f52cdda171ea0644b0c7cb9f71",
                "reference": "64251f77c3a6c0f52cdda171ea0644b0c7cb9f71",
                "shasum": ""
            },
            "require": {
                "clippings/psr-cache": "~0.1",
                "sebastian/money": "~1.3"
            },
            "type": "library",
            "autoload": {
                "psr-4": {
                    "CL\\CurrencyConvert\\": "src/"
                }
            },
            "notification-url": "https://packagist.org/downloads/",
            "license": [
                "BSD-3-Clause"
            ],
            "authors": [
                {
                    "name": "Ivan Kerin",
                    "email": "ikerin@gmail.com",
                    "homepage": "http://www.openbuildings.com",
                    "role": "Author"
                }
            ],
            "description": "Currency Conversion for the Money package",
            "time": "2014-06-10 11:57:09"
        },
        {
            "name": "clippings/psr-cache",
            "version": "0.1",
            "source": {
                "type": "git",
                "url": "https://github.com/clippings/psr-cache.git",
                "reference": "1049d949f4408e9fc928ec7d1af1ec207e219d66"
            },
            "dist": {
                "type": "zip",
                "url": "https://api.github.com/repos/clippings/psr-cache/zipball/1049d949f4408e9fc928ec7d1af1ec207e219d66",
                "reference": "1049d949f4408e9fc928ec7d1af1ec207e219d66",
                "shasum": ""
            },
            "type": "library",
            "autoload": {
                "psr-4": {
                    "CL\\PsrCache\\": "src/"
                }
            },
            "notification-url": "https://packagist.org/downloads/",
            "license": [
                "BSD-3-Clause"
            ],
            "authors": [
                {
                    "name": "Ivan Kerin",
                    "email": "ikerin@gmail.com",
                    "homepage": "http://www.openbuildings.com",
                    "role": "Author"
                }
            ],
            "description": "Psr Cache Interfaces and dummy implementation",
            "time": "2014-06-10 07:34:35"
        },
        {
            "name": "harp-orm/harp",
            "version": "0.3.2",
            "source": {
                "type": "git",
                "url": "https://github.com/harp-orm/harp.git",
                "reference": "744ea61b77b5e0b2be19c9988697f263d5e7e225"
            },
            "dist": {
                "type": "zip",
                "url": "https://api.github.com/repos/harp-orm/harp/zipball/744ea61b77b5e0b2be19c9988697f263d5e7e225",
                "reference": "744ea61b77b5e0b2be19c9988697f263d5e7e225",
                "shasum": ""
            },
            "require": {
                "harp-orm/query": "~0.2.0",
                "harp-orm/serializer": "~0.1.0",
                "harp-orm/util": "~0.2.2",
                "harp-orm/validate": "~0.4.0",
                "php": ">=5.4.0"
            },
            "type": "library",
            "autoload": {
                "psr-4": {
                    "Harp\\Harp\\": "src/"
                }
            },
            "notification-url": "https://packagist.org/downloads/",
            "license": [
                "BSD-3-Clause"
            ],
            "authors": [
                {
                    "name": "Ivan Kerin",
                    "email": "ikerin@gmail.com",
                    "role": "Author"
                }
            ],
            "description": "Light and Flexible ORM without magic",
            "time": "2014-08-27 14:53:32"
        },
        {
            "name": "harp-orm/query",
            "version": "0.2.3",
            "source": {
                "type": "git",
                "url": "https://github.com/harp-orm/query.git",
                "reference": "a0627bedc11d062580fc33b71e57f9d8df45bdbc"
            },
            "dist": {
                "type": "zip",
                "url": "https://api.github.com/repos/harp-orm/query/zipball/a0627bedc11d062580fc33b71e57f9d8df45bdbc",
                "reference": "a0627bedc11d062580fc33b71e57f9d8df45bdbc",
                "shasum": ""
            },
            "require": {
                "php": ">=5.3.0",
                "psr/log": "~1.0"
            },
            "require-dev": {
                "clippings/env-backup": "~0.2.4"
            },
            "type": "library",
            "autoload": {
                "psr-4": {
                    "Harp\\Query\\": "src/"
                }
            },
            "notification-url": "https://packagist.org/downloads/",
            "license": [
                "BSD-3-Clause"
            ],
            "authors": [
                {
                    "name": "Ivan Kerin",
                    "email": "ikerin@gmail.com",
                    "homepage": "http://www.openbuildings.com",
                    "role": "Author"
                },
                {
                    "name": "Haralan Dobrev",
                    "email": "hkdobrev@gmail.com",
                    "homepage": "http://hkdobrev.blogspot.com",
                    "role": "Developer"
                }
            ],
            "description": "SQL Builder for PDO",
            "time": "2014-07-07 11:52:30"
        },
        {
            "name": "harp-orm/serializer",
            "version": "0.1.1",
            "source": {
                "type": "git",
                "url": "https://github.com/harp-orm/serializer.git",
                "reference": "652a190ceabb4f3c55a41f33e0b23ba5197bd964"
            },
            "dist": {
                "type": "zip",
                "url": "https://api.github.com/repos/harp-orm/serializer/zipball/652a190ceabb4f3c55a41f33e0b23ba5197bd964",
                "reference": "652a190ceabb4f3c55a41f33e0b23ba5197bd964",
                "shasum": ""
            },
            "type": "library",
            "autoload": {
                "psr-4": {
                    "Harp\\Serializer\\": "src/"
                }
            },
            "notification-url": "https://packagist.org/downloads/",
            "license": [
                "BSD-3-Clause"
            ],
            "authors": [
                {
                    "name": "Ivan Kerin",
                    "email": "ikerin@gmail.com",
                    "homepage": "http://www.openbuildings.com",
                    "role": "Author"
                }
            ],
            "description": "Serialize object properties",
            "time": "2014-07-17 11:30:08"
        },
        {
            "name": "harp-orm/util",
            "version": "0.2.2",
            "source": {
                "type": "git",
                "url": "https://github.com/harp-orm/util.git",
                "reference": "b077d11dd15bf111313484aa427825a54808671d"
            },
            "dist": {
                "type": "zip",
                "url": "https://api.github.com/repos/harp-orm/util/zipball/b077d11dd15bf111313484aa427825a54808671d",
                "reference": "b077d11dd15bf111313484aa427825a54808671d",
                "shasum": ""
            },
            "type": "library",
            "autoload": {
                "psr-4": {
                    "Harp\\Util\\": "src/"
                }
            },
            "notification-url": "https://packagist.org/downloads/",
            "license": [
                "BSD-3-Clause"
            ],
            "authors": [
                {
                    "name": "Ivan Kerin",
                    "email": "ikerin@gmail.com",
                    "homepage": "http://www.openbuildings.com",
                    "role": "Author"
                }
            ],
            "description": "General purpose helper methods",
            "time": "2014-07-17 15:29:20"
        },
        {
            "name": "harp-orm/validate",
            "version": "0.4.0",
            "source": {
                "type": "git",
                "url": "https://github.com/harp-orm/validate.git",
                "reference": "c48241562a64ad4bbecc22967b29fdb3ecac118d"
            },
            "dist": {
                "type": "zip",
                "url": "https://api.github.com/repos/harp-orm/validate/zipball/c48241562a64ad4bbecc22967b29fdb3ecac118d",
                "reference": "c48241562a64ad4bbecc22967b29fdb3ecac118d",
                "shasum": ""
            },
            "type": "library",
            "autoload": {
                "psr-4": {
                    "Harp\\Validate\\": "src/"
                }
            },
            "notification-url": "https://packagist.org/downloads/",
            "license": [
                "BSD-3-Clause"
            ],
            "authors": [
                {
                    "name": "Ivan Kerin",
                    "email": "ikerin@gmail.com",
                    "role": "Author"
                }
            ],
            "description": "Object validaiton library",
            "time": "2014-08-27 14:14:20"
        },
        {
            "name": "psr/log",
            "version": "1.0.0",
            "source": {
                "type": "git",
                "url": "https://github.com/php-fig/log.git",
                "reference": "fe0936ee26643249e916849d48e3a51d5f5e278b"
            },
            "dist": {
                "type": "zip",
                "url": "https://api.github.com/repos/php-fig/log/zipball/fe0936ee26643249e916849d48e3a51d5f5e278b",
                "reference": "fe0936ee26643249e916849d48e3a51d5f5e278b",
                "shasum": ""
            },
            "type": "library",
            "autoload": {
                "psr-0": {
                    "Psr\\Log\\": ""
                }
            },
            "notification-url": "https://packagist.org/downloads/",
            "license": [
                "MIT"
            ],
            "authors": [
                {
                    "name": "PHP-FIG",
                    "homepage": "http://www.php-fig.org/"
                }
            ],
            "description": "Common interface for logging libraries",
            "keywords": [
                "log",
                "psr",
                "psr-3"
            ],
            "time": "2012-12-21 11:40:51"
        },
        {
            "name": "sebastian/money",
            "version": "v1.3.1",
            "source": {
                "type": "git",
                "url": "https://github.com/sebastianbergmann/money.git",
                "reference": "79666982385087298eea4b9f05bdc2b431a72821"
            },
            "dist": {
                "type": "zip",
                "url": "https://api.github.com/repos/sebastianbergmann/money/zipball/79666982385087298eea4b9f05bdc2b431a72821",
                "reference": "79666982385087298eea4b9f05bdc2b431a72821",
                "shasum": ""
            },
            "require": {
                "ext-intl": "*",
                "php": ">=5.3.3"
            },
            "require-dev": {
                "phpunit/phpunit": "~4.0"
            },
            "type": "library",
            "extra": {
                "branch-alias": {
                    "dev-master": "1.3.x-dev"
                }
            },
            "autoload": {
                "classmap": [
                    "src/"
                ]
            },
            "notification-url": "https://packagist.org/downloads/",
            "license": [
                "BSD-3-Clause"
            ],
            "authors": [
                {
                    "name": "Sebastian Bergmann",
                    "email": "sebastian@phpunit.de"
                }
            ],
            "description": "Value Object that represents a monetary value (using a currency's smallest unit)",
            "homepage": "http://www.github.com/sebastianbergmann/money",
            "keywords": [
                "money"
            ],
            "time": "2014-07-21 07:05:52"
        }
    ],
    "packages-dev": [

    ],
    "aliases": [

    ],
    "minimum-stability": "stable",
    "stability-flags": [

    ],
    "prefer-stable": false,
    "platform": {
        "php": ">=5.4.0"
    },
    "platform-dev": [

    ]
}
